
Microsoft Visual Studio Solution File, Format Version 12.00
# Visual Studio Version 16
VisualStudioVersion = 16.0.29806.167
MinimumVisualStudioVersion = 10.0.40219.1
Project("{FAE04EC0-301F-11D3-BF4B-00C04F79EFBC}") = "Vyjimky", "Vyjimky\Vyjimky.csproj", "{6AF099F1-43E3-49A0-898F-2D3CF28D15EA}"
EndProject
Project("{2150E333-8FDC-42A3-9474-1A3956D46DE8}") = "Exceptions", "Exceptions", "{091A1F58-FDB6-4C6B-8A8D-7A4765C80D00}"
EndProject
Project("{FAE04EC0-301F-11D3-BF4B-00C04F79EFBC}") = "VyvolaniVyjimky", "VyvolaniVyjimky\VyvolaniVyjimky.csproj", "{FD7C2E5A-45E6-4086-AD27-AEA4638D8BBC}"
EndProject
Project("{2150E333-8FDC-42A3-9474-1A3956D46DE8}") = "IO", "IO", "{E4BCA299-B4A7-495E-A647-C4EF56F451EE}"
EndProject
Project("{FAE04EC0-301F-11D3-BF4B-00C04F79EFBC}") = "IO_Uvod", "IO_Uvod\IO_Uvod.csproj", "{D27AFD9F-3A62-4A27-A5E2-E48C6DF7048F}"
EndProject
Project("{FAE04EC0-301F-11D3-BF4B-00C04F79EFBC}") = "IO_Soubory", "IO_Soubory\IO_Soubory.csproj", "{50DACC06-036C-4A5A-980C-FAAE98AF675A}"
EndProject
Project("{2150E333-8FDC-42A3-9474-1A3956D46DE8}") = "DodatecnyObsah", "DodatecnyObsah", "{D597CEA5-888E-4E6E-A42F-F34BAD01090A}"
EndProject
Project("{FAE04EC0-301F-11D3-BF4B-00C04F79EFBC}") = "Domaci_Ukol", "Domaci_Ukol\Domaci_Ukol.csproj", "{61F0FDD9-48B8-4758-A240-3569D54F651A}"
EndProject
Project("{FAE04EC0-301F-11D3-BF4B-00C04F79EFBC}") = "Serializace_Destruktor", "Serializace_Destruktor\Serializace_Destruktor.csproj", "{0EC8A1F6-E697-49D7-848B-E665E845D71F}"
EndProject
Global
	GlobalSection(SolutionConfigurationPlatforms) = preSolution
		Debug|Any CPU = Debug|Any CPU
		Release|Any CPU = Release|Any CPU
	EndGlobalSection
	GlobalSection(ProjectConfigurationPlatforms) = postSolution
		{6AF099F1-43E3-49A0-898F-2D3CF28D15EA}.Debug|Any CPU.ActiveCfg = Debug|Any CPU
		{6AF099F1-43E3-49A0-898F-2D3CF28D15EA}.Debug|Any CPU.Build.0 = Debug|Any CPU
		{6AF099F1-43E3-49A0-898F-2D3CF28D15EA}.Release|Any CPU.ActiveCfg = Release|Any CPU
		{6AF099F1-43E3-49A0-898F-2D3CF28D15EA}.Release|Any CPU.Build.0 = Release|Any CPU
		{FD7C2E5A-45E6-4086-AD27-AEA4638D8BBC}.Debug|Any CPU.ActiveCfg = Debug|Any CPU
		{FD7C2E5A-45E6-4086-AD27-AEA4638D8BBC}.Debug|Any CPU.Build.0 = Debug|Any CPU
		{FD7C2E5A-45E6-4086-AD27-AEA4638D8BBC}.Release|Any CPU.ActiveCfg = Release|Any CPU
		{FD7C2E5A-45E6-4086-AD27-AEA4638D8BBC}.Release|Any CPU.Build.0 = Release|Any CPU
		{D27AFD9F-3A62-4A27-A5E2-E48C6DF7048F}.Debug|Any CPU.ActiveCfg = Debug|Any CPU
		{D27AFD9F-3A62-4A27-A5E2-E48C6DF7048F}.Debug|Any CPU.Build.0 = Debug|Any CPU
		{D27AFD9F-3A62-4A27-A5E2-E48C6DF7048F}.Release|Any CPU.ActiveCfg = Release|Any CPU
		{D27AFD9F-3A62-4A27-A5E2-E48C6DF7048F}.Release|Any CPU.Build.0 = Release|Any CPU
		{50DACC06-036C-4A5A-980C-FAAE98AF675A}.Debug|Any CPU.ActiveCfg = Debug|Any CPU
		{50DACC06-036C-4A5A-980C-FAAE98AF675A}.Debug|Any CPU.Build.0 = Debug|Any CPU
		{50DACC06-036C-4A5A-980C-FAAE98AF675A}.Release|Any CPU.ActiveCfg = Release|Any CPU
		{50DACC06-036C-4A5A-980C-FAAE98AF675A}.Release|Any CPU.Build.0 = Release|Any CPU
		{61F0FDD9-48B8-4758-A240-3569D54F651A}.Debug|Any CPU.ActiveCfg = Debug|Any CPU
		{61F0FDD9-48B8-4758-A240-3569D54F651A}.Debug|Any CPU.Build.0 = Debug|Any CPU
		{61F0FDD9-48B8-4758-A240-3569D54F651A}.Release|Any CPU.ActiveCfg = Release|Any CPU
		{61F0FDD9-48B8-4758-A240-3569D54F651A}.Release|Any CPU.Build.0 = Release|Any CPU
		{0EC8A1F6-E697-49D7-848B-E665E845D71F}.Debug|Any CPU.ActiveCfg = Debug|Any CPU
		{0EC8A1F6-E697-49D7-848B-E665E845D71F}.Debug|Any CPU.Build.0 = Debug|Any CPU
		{0EC8A1F6-E697-49D7-848B-E665E845D71F}.Release|Any CPU.ActiveCfg = Release|Any CPU
		{0EC8A1F6-E697-49D7-848B-E665E845D71F}.Release|Any CPU.Build.0 = Release|Any CPU
	EndGlobalSection
	GlobalSection(SolutionProperties) = preSolution
		HideSolutionNode = FALSE
	EndGlobalSection
	GlobalSection(NestedProjects) = preSolution
		{6AF099F1-43E3-49A0-898F-2D3CF28D15EA} = {091A1F58-FDB6-4C6B-8A8D-7A4765C80D00}
		{FD7C2E5A-45E6-4086-AD27-AEA4638D8BBC} = {091A1F58-FDB6-4C6B-8A8D-7A4765C80D00}
		{D27AFD9F-3A62-4A27-A5E2-E48C6DF7048F} = {E4BCA299-B4A7-495E-A647-C4EF56F451EE}
		{50DACC06-036C-4A5A-980C-FAAE98AF675A} = {E4BCA299-B4A7-495E-A647-C4EF56F451EE}
		{61F0FDD9-48B8-4758-A240-3569D54F651A} = {D597CEA5-888E-4E6E-A42F-F34BAD01090A}
		{0EC8A1F6-E697-49D7-848B-E665E845D71F} = {D597CEA5-888E-4E6E-A42F-F34BAD01090A}
	EndGlobalSection
	GlobalSection(ExtensibilityGlobals) = postSolution
		SolutionGuid = {EEC2237F-3F27-4042-93F7-E2F103BC68D4}
	EndGlobalSection
EndGlobal
